
Microsoft Visual Studio Solution File, Format Version 12.00
# Visual Studio 15
VisualStudioVersion = 15.0.27004.2009
MinimumVisualStudioVersion = 10.0.40219.1
Project("{8BC9CEB8-8B4A-11D0-8D11-00A0C91BC942}") = "ai", "ai\ai.vcxproj", "{E99307AE-4FB3-44E4-BD40-0A7B2A2836D8}"
EndProject
Global
	GlobalSection(SolutionConfigurationPlatforms) = preSolution
		Debug|x64 = Debug|x64
		Debug|x86 = Debug|x86
		Release|x64 = Release|x64
		Release|x86 = Release|x86
	EndGlobalSection
	GlobalSection(ProjectConfigurationPlatforms) = postSolution
		{E99307AE-4FB3-44E4-BD40-0A7B2A2836D8}.Debug|x64.ActiveCfg = Debug|x64
		{E99307AE-4FB3-44E4-BD40-0A7B2A2836D8}.Debug|x64.Build.0 = Debug|x64
		{E99307AE-4FB3-44E4-BD40-0A7B2A2836D8}.Debug|x86.ActiveCfg = Debug|Win32
		{E99307AE-4FB3-44E4-BD40-0A7B2A2836D8}.Debug|x86.Build.0 = Debug|Win32
		{E99307AE-4FB3-44E4-BD40-0A7B2A2836D8}.Release|x64.ActiveCfg = Release|x64
		{E99307AE-4FB3-44E4-BD40-0A7B2A2836D8}.Release|x64.Build.0 = Release|x64
		{E99307AE-4FB3-44E4-BD40-0A7B2A2836D8}.Release|x86.ActiveCfg = Release|Win32
		{E99307AE-4FB3-44E4-BD40-0A7B2A2836D8}.Release|x86.Build.0 = Release|Win32
	EndGlobalSection
	GlobalSection(SolutionProperties) = preSolution
		HideSolutionNode = FALSE
	EndGlobalSection
	GlobalSection(ExtensibilityGlobals) = postSolution
		SolutionGuid = {B86B4B8B-EFC9-4B62-82E3-D5A86B524FC8}
	EndGlobalSection
EndGlobal
